
Microsoft Visual Studio Solution File, Format Version 12.00
# Visual Studio Version 17
VisualStudioVersion = 17.9.34728.123
MinimumVisualStudioVersion = 10.0.40219.1
Project("{FAE04EC0-301F-11D3-BF4B-00C04F79EFBC}") = "ASP.NET-ecommerce", "ASP.NET-ecommerce\ASP.NET-ecommerce.csproj", "{557D23DD-9D4A-4B27-ABB1-DD372C2325A6}"
EndProject
Global
	GlobalSection(SolutionConfigurationPlatforms) = preSolution
		Debug|Any CPU = Debug|Any CPU
		Release|Any CPU = Release|Any CPU
	EndGlobalSection
	GlobalSection(ProjectConfigurationPlatforms) = postSolution
		{557D23DD-9D4A-4B27-ABB1-DD372C2325A6}.Debug|Any CPU.ActiveCfg = Debug|Any CPU
		{557D23DD-9D4A-4B27-ABB1-DD372C2325A6}.Debug|Any CPU.Build.0 = Debug|Any CPU
		{557D23DD-9D4A-4B27-ABB1-DD372C2325A6}.Release|Any CPU.ActiveCfg = Release|Any CPU
		{557D23DD-9D4A-4B27-ABB1-DD372C2325A6}.Release|Any CPU.Build.0 = Release|Any CPU
	EndGlobalSection
	GlobalSection(SolutionProperties) = preSolution
		HideSolutionNode = FALSE
	EndGlobalSection
	GlobalSection(ExtensibilityGlobals) = postSolution
		SolutionGuid = {D23880EF-ECB8-4239-8FFA-E05E1C1FEA65}
	EndGlobalSection
EndGlobal
